lockfileVersion: '9.0'

settings:
  autoInstallPeers: true
  excludeLinksFromLockfile: false

importers:

  .:
    dependencies:
      senior-project:
        specifier: 'file:'
        version: 'file:'

packages:

  'senior-project@file:':
    resolution: {directory: '', type: directory}

snapshots:

  'senior-project@file:': {}
